
Microsoft Visual Studio Solution File, Format Version 12.00
# Visual Studio Version 17
VisualStudioVersion = 17.11.35327.3
MinimumVisualStudioVersion = 10.0.40219.1
Project("{2150E333-8FDC-42A3-9474-1A3956D46DE8}") = "Task0", "Task0", "{9B76D2C1-9CCF-4051-8916-1B24CED6A826}"
EndProject
Project("{9A19103F-16F7-4668-BE54-9A1E7A4F7556}") = "Tyuiu.KarandaAR.Sprint4.Task0.V20", "Tyuiu.KarandaAR.Sprint4.Task0.V20\Tyuiu.KarandaAR.Sprint4.Task0.V20.csproj", "{040CC93A-1133-49A7-A46A-75FD487AE474}"
EndProject
Project("{9A19103F-16F7-4668-BE54-9A1E7A4F7556}") = "Tyuiu.KarandaAR.Sprint4.Task0.V20.Lib", "Tyuiu.KarandaAR.Sprint4.Task0.V20.Lib\Tyuiu.KarandaAR.Sprint4.Task0.V20.Lib.csproj", "{B90A79EB-2F98-4333-A71B-9E8FED70086B}"
EndProject
Project("{9A19103F-16F7-4668-BE54-9A1E7A4F7556}") = "Tyuiu.KarandaAR.Sprint4.Task0.V20.Test", "Tyuiu.KarandaAR.Sprint4.Task0.V20.Test\Tyuiu.KarandaAR.Sprint4.Task0.V20.Test.csproj", "{0AE7D8E9-7C0C-45AE-9700-42D7232F2A15}"
EndProject
Project("{2150E333-8FDC-42A3-9474-1A3956D46DE8}") = "Task1", "Task1", "{62007FC9-3851-4AC8-9F25-0FA3A27F2B6B}"
EndProject
Project("{9A19103F-16F7-4668-BE54-9A1E7A4F7556}") = "Tyuiu.KarandaAR.Sprint4.Task1.V28", "Tyuiu.KarandaAR.Sprint4.Task1.V28\Tyuiu.KarandaAR.Sprint4.Task1.V28.csproj", "{92EDA073-FA86-4AE9-86C8-E3C4FB09C84A}"
EndProject
Project("{9A19103F-16F7-4668-BE54-9A1E7A4F7556}") = "Tyuiu.KarandaAR.Sprint4.Task1.V28.Lib", "Tyuiu.KarandaAR.Sprint4.Task1.V28.Lib\Tyuiu.KarandaAR.Sprint4.Task1.V28.Lib.csproj", "{5259CF94-F827-4085-806E-553C6C8ED4AC}"
EndProject
Project("{9A19103F-16F7-4668-BE54-9A1E7A4F7556}") = "Tyuiu.KarandaAR.Sprint4.Task1.V28.Test", "Tyuiu.KarandaAR.Sprint4.Task1.V28.Test\Tyuiu.KarandaAR.Sprint4.Task1.V28.Test.csproj", "{828D8547-4119-4DE8-A455-3B647B3CA362}"
EndProject
Project("{2150E333-8FDC-42A3-9474-1A3956D46DE8}") = "Task2", "Task2", "{EA668A91-FE8C-4116-BF2D-A3ADE77180B8}"
EndProject
Project("{9A19103F-16F7-4668-BE54-9A1E7A4F7556}") = "Tyuiu.KarandaAR.Sprint4.Task2.V19", "Tyuiu.KarandaAR.Sprint4.Task2.V19\Tyuiu.KarandaAR.Sprint4.Task2.V19.csproj", "{9F8456A8-DCCA-4414-BB61-DA74285BBC37}"
EndProject
Project("{9A19103F-16F7-4668-BE54-9A1E7A4F7556}") = "Tyuiu.KarandaAR.Sprint4.Task2.V19.Lib", "Tyuiu.KarandaAR.Sprint4.Task2.V19.Lib\Tyuiu.KarandaAR.Sprint4.Task2.V19.Lib.csproj", "{5269CAA0-C472-40D6-9843-FD11A04681B1}"
EndProject
Project("{9A19103F-16F7-4668-BE54-9A1E7A4F7556}") = "Tyuiu.KarandaAR.Sprint4.Task2.V19.Test", "Tyuiu.KarandaAR.Sprint4.Task2.V19.Test\Tyuiu.KarandaAR.Sprint4.Task2.V19.Test.csproj", "{B75C8977-741F-4303-A372-03FECA856323}"
EndProject
Project("{2150E333-8FDC-42A3-9474-1A3956D46DE8}") = "Task3", "Task3", "{FA6CABCA-BB8F-44BA-9814-4DD01CE3F841}"
EndProject
Project("{9A19103F-16F7-4668-BE54-9A1E7A4F7556}") = "Tyuiu.KarandaAR.Sprint4.Task3.V26", "Tyuiu.KarandaAR.Sprint4.Task3.V26\Tyuiu.KarandaAR.Sprint4.Task3.V26.csproj", "{AE6C5535-59E9-4255-962F-97AFF5BFB535}"
EndProject
Project("{9A19103F-16F7-4668-BE54-9A1E7A4F7556}") = "Tyuiu.KarandaAR.Sprint4.Task3.V26.Lib", "Tyuiu.KarandaAR.Sprint4.Task3.V26.Lib\Tyuiu.KarandaAR.Sprint4.Task3.V26.Lib.csproj", "{6A633B0B-4A1E-461E-B638-93BDB606CFAA}"
EndProject
Project("{9A19103F-16F7-4668-BE54-9A1E7A4F7556}") = "Tyuiu.KarandaAR.Sprint4.Task3.V26.Test", "Tyuiu.KarandaAR.Sprint4.Task3.V26.Test\Tyuiu.KarandaAR.Sprint4.Task3.V26.Test.csproj", "{EDE4B73B-697D-4CA0-948E-979623800858}"
EndProject
Project("{2150E333-8FDC-42A3-9474-1A3956D46DE8}") = "Task4", "Task4", "{4AA374DF-2B88-4BCB-8481-646DAFBDD92A}"
EndProject
Project("{9A19103F-16F7-4668-BE54-9A1E7A4F7556}") = "Tyuiu.KarandaAR.Sprint4.Task4.V29", "Tyuiu.KarandaAR.Sprint4.Task4.V29\Tyuiu.KarandaAR.Sprint4.Task4.V29.csproj", "{9B1409DF-EB06-4417-9D9E-C754EED99876}"
EndProject
Project("{9A19103F-16F7-4668-BE54-9A1E7A4F7556}") = "Tyuiu.KarandaAR.Sprint4.Task4.V29.Lib", "Tyuiu.KarandaAR.Sprint4.Task4.V29.Lib\Tyuiu.KarandaAR.Sprint4.Task4.V29.Lib.csproj", "{4002E18A-2640-4732-890A-1D7956BA4152}"
EndProject
Project("{9A19103F-16F7-4668-BE54-9A1E7A4F7556}") = "Tyuiu.KarandaAR.Sprint4.Task4.V29.Test", "Tyuiu.KarandaAR.Sprint4.Task4.V29.Test\Tyuiu.KarandaAR.Sprint4.Task4.V29.Test.csproj", "{46ED59B2-36AF-43B8-9F4F-E98AB52A8F55}"
EndProject
Project("{2150E333-8FDC-42A3-9474-1A3956D46DE8}") = "Task5", "Task5", "{F1D4C436-5BD5-443D-9F74-F749AB1857AF}"
EndProject
Project("{FAE04EC0-301F-11D3-BF4B-00C04F79EFBC}") = "Tyuiu.KarandaAR.Sprint4.Task5.V11", "Tyuiu.KarandaAR.Sprint4.Task5.V11\Tyuiu.KarandaAR.Sprint4.Task5.V11.csproj", "{C932F88D-789E-48D4-AA3D-4AD33BCB1865}"
EndProject
Project("{FAE04EC0-301F-11D3-BF4B-00C04F79EFBC}") = "Tyuiu.KarandaAR.Sprint4.Task5.V11.Lib", "Tyuiu.KarandaAR.Sprint4.Task5.V11.Lib\Tyuiu.KarandaAR.Sprint4.Task5.V11.Lib.csproj", "{096B43E9-F7AC-4F85-8690-98C415863622}"
EndProject
Project("{FAE04EC0-301F-11D3-BF4B-00C04F79EFBC}") = "Tyuiu.KarandaAR.Sprint4.Task5.V11.Test", "Tyuiu.KarandaAR.Sprint4.Task5.V11.Test\Tyuiu.KarandaAR.Sprint4.Task5.V11.Test.csproj", "{DCAA44E9-2A36-4051-B4BA-ED4131E6FD82}"
EndProject
Project("{2150E333-8FDC-42A3-9474-1A3956D46DE8}") = "Task6", "Task6", "{A59C93B5-D998-4032-9E8B-DD57F5A9003C}"
EndProject
Project("{FAE04EC0-301F-11D3-BF4B-00C04F79EFBC}") = "Tyuiu.KarandaAR.Sprint4.Task6.V24", "Tyuiu.KarandaAR.Sprint4.Task6.V24\Tyuiu.KarandaAR.Sprint4.Task6.V24.csproj", "{4E0B8A82-D30A-4961-952D-150DB090ABE1}"
EndProject
Project("{FAE04EC0-301F-11D3-BF4B-00C04F79EFBC}") = "Tyuiu.KarandaAR.Sprint4.Task6.V24.Lib", "Tyuiu.KarandaAR.Sprint4.Task6.V24.Lib\Tyuiu.KarandaAR.Sprint4.Task6.V24.Lib.csproj", "{6BB86420-4456-4B7D-9181-CFD4BA72855C}"
EndProject
Project("{FAE04EC0-301F-11D3-BF4B-00C04F79EFBC}") = "Tyuiu.KarandaAR.Sprint4.Task6.V24.Test", "Tyuiu.KarandaAR.Sprint4.Task6.V24.Test\Tyuiu.KarandaAR.Sprint4.Task6.V24.Test.csproj", "{AB627E50-5867-49B1-BD9E-7C85E2790043}"
EndProject
Global
	GlobalSection(SolutionConfigurationPlatforms) = preSolution
		Debug|Any CPU = Debug|Any CPU
		Release|Any CPU = Release|Any CPU
	EndGlobalSection
	GlobalSection(ProjectConfigurationPlatforms) = postSolution
		{040CC93A-1133-49A7-A46A-75FD487AE474}.Debug|Any CPU.ActiveCfg = Debug|Any CPU
		{040CC93A-1133-49A7-A46A-75FD487AE474}.Debug|Any CPU.Build.0 = Debug|Any CPU
		{040CC93A-1133-49A7-A46A-75FD487AE474}.Release|Any CPU.ActiveCfg = Release|Any CPU
		{040CC93A-1133-49A7-A46A-75FD487AE474}.Release|Any CPU.Build.0 = Release|Any CPU
		{B90A79EB-2F98-4333-A71B-9E8FED70086B}.Debug|Any CPU.ActiveCfg = Debug|Any CPU
		{B90A79EB-2F98-4333-A71B-9E8FED70086B}.Debug|Any CPU.Build.0 = Debug|Any CPU
		{B90A79EB-2F98-4333-A71B-9E8FED70086B}.Release|Any CPU.ActiveCfg = Release|Any CPU
		{B90A79EB-2F98-4333-A71B-9E8FED70086B}.Release|Any CPU.Build.0 = Release|Any CPU
		{0AE7D8E9-7C0C-45AE-9700-42D7232F2A15}.Debug|Any CPU.ActiveCfg = Debug|Any CPU
		{0AE7D8E9-7C0C-45AE-9700-42D7232F2A15}.Debug|Any CPU.Build.0 = Debug|Any CPU
		{0AE7D8E9-7C0C-45AE-9700-42D7232F2A15}.Release|Any CPU.ActiveCfg = Release|Any CPU
		{0AE7D8E9-7C0C-45AE-9700-42D7232F2A15}.Release|Any CPU.Build.0 = Release|Any CPU
		{92EDA073-FA86-4AE9-86C8-E3C4FB09C84A}.Debug|Any CPU.ActiveCfg = Debug|Any CPU
		{92EDA073-FA86-4AE9-86C8-E3C4FB09C84A}.Debug|Any CPU.Build.0 = Debug|Any CPU
		{92EDA073-FA86-4AE9-86C8-E3C4FB09C84A}.Release|Any CPU.ActiveCfg = Release|Any CPU
		{92EDA073-FA86-4AE9-86C8-E3C4FB09C84A}.Release|Any CPU.Build.0 = Release|Any CPU
		{5259CF94-F827-4085-806E-553C6C8ED4AC}.Debug|Any CPU.ActiveCfg = Debug|Any CPU
		{5259CF94-F827-4085-806E-553C6C8ED4AC}.Debug|Any CPU.Build.0 = Debug|Any CPU
		{5259CF94-F827-4085-806E-553C6C8ED4AC}.Release|Any CPU.ActiveCfg = Release|Any CPU
		{5259CF94-F827-4085-806E-553C6C8ED4AC}.Release|Any CPU.Build.0 = Release|Any CPU
		{828D8547-4119-4DE8-A455-3B647B3CA362}.Debug|Any CPU.ActiveCfg = Debug|Any CPU
		{828D8547-4119-4DE8-A455-3B647B3CA362}.Debug|Any CPU.Build.0 = Debug|Any CPU
		{828D8547-4119-4DE8-A455-3B647B3CA362}.Release|Any CPU.ActiveCfg = Release|Any CPU
		{828D8547-4119-4DE8-A455-3B647B3CA362}.Release|Any CPU.Build.0 = Release|Any CPU
		{9F8456A8-DCCA-4414-BB61-DA74285BBC37}.Debug|Any CPU.ActiveCfg = Debug|Any CPU
		{9F8456A8-DCCA-4414-BB61-DA74285BBC37}.Debug|Any CPU.Build.0 = Debug|Any CPU
		{9F8456A8-DCCA-4414-BB61-DA74285BBC37}.Release|Any CPU.ActiveCfg = Release|Any CPU
		{9F8456A8-DCCA-4414-BB61-DA74285BBC37}.Release|Any CPU.Build.0 = Release|Any CPU
		{5269CAA0-C472-40D6-9843-FD11A04681B1}.Debug|Any CPU.ActiveCfg = Debug|Any CPU
		{5269CAA0-C472-40D6-9843-FD11A04681B1}.Debug|Any CPU.Build.0 = Debug|Any CPU
		{5269CAA0-C472-40D6-9843-FD11A04681B1}.Release|Any CPU.ActiveCfg = Release|Any CPU
		{5269CAA0-C472-40D6-9843-FD11A04681B1}.Release|Any CPU.Build.0 = Release|Any CPU
		{B75C8977-741F-4303-A372-03FECA856323}.Debug|Any CPU.ActiveCfg = Debug|Any CPU
		{B75C8977-741F-4303-A372-03FECA856323}.Debug|Any CPU.Build.0 = Debug|Any CPU
		{B75C8977-741F-4303-A372-03FECA856323}.Release|Any CPU.ActiveCfg = Release|Any CPU
		{B75C8977-741F-4303-A372-03FECA856323}.Release|Any CPU.Build.0 = Release|Any CPU
		{AE6C5535-59E9-4255-962F-97AFF5BFB535}.Debug|Any CPU.ActiveCfg = Debug|Any CPU
		{AE6C5535-59E9-4255-962F-97AFF5BFB535}.Debug|Any CPU.Build.0 = Debug|Any CPU
		{AE6C5535-59E9-4255-962F-97AFF5BFB535}.Release|Any CPU.ActiveCfg = Release|Any CPU
		{AE6C5535-59E9-4255-962F-97AFF5BFB535}.Release|Any CPU.Build.0 = Release|Any CPU
		{6A633B0B-4A1E-461E-B638-93BDB606CFAA}.Debug|Any CPU.ActiveCfg = Debug|Any CPU
		{6A633B0B-4A1E-461E-B638-93BDB606CFAA}.Debug|Any CPU.Build.0 = Debug|Any CPU
		{6A633B0B-4A1E-461E-B638-93BDB606CFAA}.Release|Any CPU.ActiveCfg = Release|Any CPU
		{6A633B0B-4A1E-461E-B638-93BDB606CFAA}.Release|Any CPU.Build.0 = Release|Any CPU
		{EDE4B73B-697D-4CA0-948E-979623800858}.Debug|Any CPU.ActiveCfg = Debug|Any CPU
		{EDE4B73B-697D-4CA0-948E-979623800858}.Debug|Any CPU.Build.0 = Debug|Any CPU
		{EDE4B73B-697D-4CA0-948E-979623800858}.Release|Any CPU.ActiveCfg = Release|Any CPU
		{EDE4B73B-697D-4CA0-948E-979623800858}.Release|Any CPU.Build.0 = Release|Any CPU
		{9B1409DF-EB06-4417-9D9E-C754EED99876}.Debug|Any CPU.ActiveCfg = Debug|Any CPU
		{9B1409DF-EB06-4417-9D9E-C754EED99876}.Debug|Any CPU.Build.0 = Debug|Any CPU
		{9B1409DF-EB06-4417-9D9E-C754EED99876}.Release|Any CPU.ActiveCfg = Release|Any CPU
		{9B1409DF-EB06-4417-9D9E-C754EED99876}.Release|Any CPU.Build.0 = Release|Any CPU
		{4002E18A-2640-4732-890A-1D7956BA4152}.Debug|Any CPU.ActiveCfg = Debug|Any CPU
		{4002E18A-2640-4732-890A-1D7956BA4152}.Debug|Any CPU.Build.0 = Debug|Any CPU
		{4002E18A-2640-4732-890A-1D7956BA4152}.Release|Any CPU.ActiveCfg = Release|Any CPU
		{4002E18A-2640-4732-890A-1D7956BA4152}.Release|Any CPU.Build.0 = Release|Any CPU
		{46ED59B2-36AF-43B8-9F4F-E98AB52A8F55}.Debug|Any CPU.ActiveCfg = Debug|Any CPU
		{46ED59B2-36AF-43B8-9F4F-E98AB52A8F55}.Debug|Any CPU.Build.0 = Debug|Any CPU
		{46ED59B2-36AF-43B8-9F4F-E98AB52A8F55}.Release|Any CPU.ActiveCfg = Release|Any CPU
		{46ED59B2-36AF-43B8-9F4F-E98AB52A8F55}.Release|Any CPU.Build.0 = Release|Any CPU
		{C932F88D-789E-48D4-AA3D-4AD33BCB1865}.Debug|Any CPU.ActiveCfg = Debug|Any CPU
		{C932F88D-789E-48D4-AA3D-4AD33BCB1865}.Debug|Any CPU.Build.0 = Debug|Any CPU
		{C932F88D-789E-48D4-AA3D-4AD33BCB1865}.Release|Any CPU.ActiveCfg = Release|Any CPU
		{C932F88D-789E-48D4-AA3D-4AD33BCB1865}.Release|Any CPU.Build.0 = Release|Any CPU
		{096B43E9-F7AC-4F85-8690-98C415863622}.Debug|Any CPU.ActiveCfg = Debug|Any CPU
		{096B43E9-F7AC-4F85-8690-98C415863622}.Debug|Any CPU.Build.0 = Debug|Any CPU
		{096B43E9-F7AC-4F85-8690-98C415863622}.Release|Any CPU.ActiveCfg = Release|Any CPU
		{096B43E9-F7AC-4F85-8690-98C415863622}.Release|Any CPU.Build.0 = Release|Any CPU
		{DCAA44E9-2A36-4051-B4BA-ED4131E6FD82}.Debug|Any CPU.ActiveCfg = Debug|Any CPU
		{DCAA44E9-2A36-4051-B4BA-ED4131E6FD82}.Debug|Any CPU.Build.0 = Debug|Any CPU
		{DCAA44E9-2A36-4051-B4BA-ED4131E6FD82}.Release|Any CPU.ActiveCfg = Release|Any CPU
		{DCAA44E9-2A36-4051-B4BA-ED4131E6FD82}.Release|Any CPU.Build.0 = Release|Any CPU
		{4E0B8A82-D30A-4961-952D-150DB090ABE1}.Debug|Any CPU.ActiveCfg = Debug|Any CPU
		{4E0B8A82-D30A-4961-952D-150DB090ABE1}.Debug|Any CPU.Build.0 = Debug|Any CPU
		{4E0B8A82-D30A-4961-952D-150DB090ABE1}.Release|Any CPU.ActiveCfg = Release|Any CPU
		{4E0B8A82-D30A-4961-952D-150DB090ABE1}.Release|Any CPU.Build.0 = Release|Any CPU
		{6BB86420-4456-4B7D-9181-CFD4BA72855C}.Debug|Any CPU.ActiveCfg = Debug|Any CPU
		{6BB86420-4456-4B7D-9181-CFD4BA72855C}.Debug|Any CPU.Build.0 = Debug|Any CPU
		{6BB86420-4456-4B7D-9181-CFD4BA72855C}.Release|Any CPU.ActiveCfg = Release|Any CPU
		{6BB86420-4456-4B7D-9181-CFD4BA72855C}.Release|Any CPU.Build.0 = Release|Any CPU
		{AB627E50-5867-49B1-BD9E-7C85E2790043}.Debug|Any CPU.ActiveCfg = Debug|Any CPU
		{AB627E50-5867-49B1-BD9E-7C85E2790043}.Debug|Any CPU.Build.0 = Debug|Any CPU
		{AB627E50-5867-49B1-BD9E-7C85E2790043}.Release|Any CPU.ActiveCfg = Release|Any CPU
		{AB627E50-5867-49B1-BD9E-7C85E2790043}.Release|Any CPU.Build.0 = Release|Any CPU
	EndGlobalSection
	GlobalSection(SolutionProperties) = preSolution
		HideSolutionNode = FALSE
	EndGlobalSection
	GlobalSection(NestedProjects) = preSolution
		{040CC93A-1133-49A7-A46A-75FD487AE474} = {9B76D2C1-9CCF-4051-8916-1B24CED6A826}
		{B90A79EB-2F98-4333-A71B-9E8FED70086B} = {9B76D2C1-9CCF-4051-8916-1B24CED6A826}
		{0AE7D8E9-7C0C-45AE-9700-42D7232F2A15} = {9B76D2C1-9CCF-4051-8916-1B24CED6A826}
		{92EDA073-FA86-4AE9-86C8-E3C4FB09C84A} = {62007FC9-3851-4AC8-9F25-0FA3A27F2B6B}
		{5259CF94-F827-4085-806E-553C6C8ED4AC} = {62007FC9-3851-4AC8-9F25-0FA3A27F2B6B}
		{828D8547-4119-4DE8-A455-3B647B3CA362} = {62007FC9-3851-4AC8-9F25-0FA3A27F2B6B}
		{9F8456A8-DCCA-4414-BB61-DA74285BBC37} = {EA668A91-FE8C-4116-BF2D-A3ADE77180B8}
		{5269CAA0-C472-40D6-9843-FD11A04681B1} = {EA668A91-FE8C-4116-BF2D-A3ADE77180B8}
		{B75C8977-741F-4303-A372-03FECA856323} = {EA668A91-FE8C-4116-BF2D-A3ADE77180B8}
		{AE6C5535-59E9-4255-962F-97AFF5BFB535} = {FA6CABCA-BB8F-44BA-9814-4DD01CE3F841}
		{6A633B0B-4A1E-461E-B638-93BDB606CFAA} = {FA6CABCA-BB8F-44BA-9814-4DD01CE3F841}
		{EDE4B73B-697D-4CA0-948E-979623800858} = {FA6CABCA-BB8F-44BA-9814-4DD01CE3F841}
		{9B1409DF-EB06-4417-9D9E-C754EED99876} = {4AA374DF-2B88-4BCB-8481-646DAFBDD92A}
		{4002E18A-2640-4732-890A-1D7956BA4152} = {4AA374DF-2B88-4BCB-8481-646DAFBDD92A}
		{46ED59B2-36AF-43B8-9F4F-E98AB52A8F55} = {4AA374DF-2B88-4BCB-8481-646DAFBDD92A}
		{C932F88D-789E-48D4-AA3D-4AD33BCB1865} = {F1D4C436-5BD5-443D-9F74-F749AB1857AF}
		{096B43E9-F7AC-4F85-8690-98C415863622} = {F1D4C436-5BD5-443D-9F74-F749AB1857AF}
		{DCAA44E9-2A36-4051-B4BA-ED4131E6FD82} = {F1D4C436-5BD5-443D-9F74-F749AB1857AF}
		{4E0B8A82-D30A-4961-952D-150DB090ABE1} = {A59C93B5-D998-4032-9E8B-DD57F5A9003C}
		{6BB86420-4456-4B7D-9181-CFD4BA72855C} = {A59C93B5-D998-4032-9E8B-DD57F5A9003C}
		{AB627E50-5867-49B1-BD9E-7C85E2790043} = {A59C93B5-D998-4032-9E8B-DD57F5A9003C}
	EndGlobalSection
	GlobalSection(ExtensibilityGlobals) = postSolution
		SolutionGuid = {48706B24-DD9E-4CF2-8072-2F1703346313}
	EndGlobalSection
EndGlobal
