
Microsoft Visual Studio Solution File, Format Version 12.00
# Visual Studio Version 17
VisualStudioVersion = 17.11.35327.3
MinimumVisualStudioVersion = 10.0.40219.1
Project("{2150E333-8FDC-42A3-9474-1A3956D46DE8}") = "Task0", "Task0", "{9B76D2C1-9CCF-4051-8916-1B24CED6A826}"
EndProject
Project("{FAE04EC0-301F-11D3-BF4B-00C04F79EFBC}") = "Tyuiu.KarandaAR.Sprint4.Task0.V20", "Tyuiu.KarandaAR.Sprint4.Task0.V20\Tyuiu.KarandaAR.Sprint4.Task0.V20.csproj", "{040CC93A-1133-49A7-A46A-75FD487AE474}"
EndProject
Project("{FAE04EC0-301F-11D3-BF4B-00C04F79EFBC}") = "Tyuiu.KarandaAR.Sprint4.Task0.V20.Lib", "Tyuiu.KarandaAR.Sprint4.Task0.V20.Lib\Tyuiu.KarandaAR.Sprint4.Task0.V20.Lib.csproj", "{B90A79EB-2F98-4333-A71B-9E8FED70086B}"
EndProject
Project("{FAE04EC0-301F-11D3-BF4B-00C04F79EFBC}") = "Tyuiu.KarandaAR.Sprint4.Task0.V20.Test", "Tyuiu.KarandaAR.Sprint4.Task0.V20.Test\Tyuiu.KarandaAR.Sprint4.Task0.V20.Test.csproj", "{0AE7D8E9-7C0C-45AE-9700-42D7232F2A15}"
EndProject
Project("{2150E333-8FDC-42A3-9474-1A3956D46DE8}") = "Task1", "Task1", "{62007FC9-3851-4AC8-9F25-0FA3A27F2B6B}"
EndProject
Project("{FAE04EC0-301F-11D3-BF4B-00C04F79EFBC}") = "Tyuiu.KarandaAR.Sprint4.Task1.V28", "Tyuiu.KarandaAR.Sprint4.Task1.V28\Tyuiu.KarandaAR.Sprint4.Task1.V28.csproj", "{92EDA073-FA86-4AE9-86C8-E3C4FB09C84A}"
EndProject
Project("{FAE04EC0-301F-11D3-BF4B-00C04F79EFBC}") = "Tyuiu.KarandaAR.Sprint4.Task1.V28.Lib", "Tyuiu.KarandaAR.Sprint4.Task1.V28.Lib\Tyuiu.KarandaAR.Sprint4.Task1.V28.Lib.csproj", "{5259CF94-F827-4085-806E-553C6C8ED4AC}"
EndProject
Project("{FAE04EC0-301F-11D3-BF4B-00C04F79EFBC}") = "Tyuiu.KarandaAR.Sprint4.Task1.V28.Test", "Tyuiu.KarandaAR.Sprint4.Task1.V28.Test\Tyuiu.KarandaAR.Sprint4.Task1.V28.Test.csproj", "{828D8547-4119-4DE8-A455-3B647B3CA362}"
EndProject
Project("{2150E333-8FDC-42A3-9474-1A3956D46DE8}") = "Task2", "Task2", "{EA668A91-FE8C-4116-BF2D-A3ADE77180B8}"
EndProject
Project("{FAE04EC0-301F-11D3-BF4B-00C04F79EFBC}") = "Tyuiu.KarandaAR.Sprint4.Task2.V19", "Tyuiu.KarandaAR.Sprint4.Task2.V19\Tyuiu.KarandaAR.Sprint4.Task2.V19.csproj", "{9F8456A8-DCCA-4414-BB61-DA74285BBC37}"
EndProject
Project("{FAE04EC0-301F-11D3-BF4B-00C04F79EFBC}") = "Tyuiu.KarandaAR.Sprint4.Task2.V19.Lib", "Tyuiu.KarandaAR.Sprint4.Task2.V19.Lib\Tyuiu.KarandaAR.Sprint4.Task2.V19.Lib.csproj", "{5269CAA0-C472-40D6-9843-FD11A04681B1}"
EndProject
Project("{FAE04EC0-301F-11D3-BF4B-00C04F79EFBC}") = "Tyuiu.KarandaAR.Sprint4.Task2.V19.Test", "Tyuiu.KarandaAR.Sprint4.Task2.V19.Test\Tyuiu.KarandaAR.Sprint4.Task2.V19.Test.csproj", "{B75C8977-741F-4303-A372-03FECA856323}"
EndProject
Global
	GlobalSection(SolutionConfigurationPlatforms) = preSolution
		Debug|Any CPU = Debug|Any CPU
		Release|Any CPU = Release|Any CPU
	EndGlobalSection
	GlobalSection(ProjectConfigurationPlatforms) = postSolution
		{040CC93A-1133-49A7-A46A-75FD487AE474}.Debug|Any CPU.ActiveCfg = Debug|Any CPU
		{040CC93A-1133-49A7-A46A-75FD487AE474}.Debug|Any CPU.Build.0 = Debug|Any CPU
		{040CC93A-1133-49A7-A46A-75FD487AE474}.Release|Any CPU.ActiveCfg = Release|Any CPU
		{040CC93A-1133-49A7-A46A-75FD487AE474}.Release|Any CPU.Build.0 = Release|Any CPU
		{B90A79EB-2F98-4333-A71B-9E8FED70086B}.Debug|Any CPU.ActiveCfg = Debug|Any CPU
		{B90A79EB-2F98-4333-A71B-9E8FED70086B}.Debug|Any CPU.Build.0 = Debug|Any CPU
		{B90A79EB-2F98-4333-A71B-9E8FED70086B}.Release|Any CPU.ActiveCfg = Release|Any CPU
		{B90A79EB-2F98-4333-A71B-9E8FED70086B}.Release|Any CPU.Build.0 = Release|Any CPU
		{0AE7D8E9-7C0C-45AE-9700-42D7232F2A15}.Debug|Any CPU.ActiveCfg = Debug|Any CPU
		{0AE7D8E9-7C0C-45AE-9700-42D7232F2A15}.Debug|Any CPU.Build.0 = Debug|Any CPU
		{0AE7D8E9-7C0C-45AE-9700-42D7232F2A15}.Release|Any CPU.ActiveCfg = Release|Any CPU
		{0AE7D8E9-7C0C-45AE-9700-42D7232F2A15}.Release|Any CPU.Build.0 = Release|Any CPU
		{92EDA073-FA86-4AE9-86C8-E3C4FB09C84A}.Debug|Any CPU.ActiveCfg = Debug|Any CPU
		{92EDA073-FA86-4AE9-86C8-E3C4FB09C84A}.Debug|Any CPU.Build.0 = Debug|Any CPU
		{92EDA073-FA86-4AE9-86C8-E3C4FB09C84A}.Release|Any CPU.ActiveCfg = Release|Any CPU
		{92EDA073-FA86-4AE9-86C8-E3C4FB09C84A}.Release|Any CPU.Build.0 = Release|Any CPU
		{5259CF94-F827-4085-806E-553C6C8ED4AC}.Debug|Any CPU.ActiveCfg = Debug|Any CPU
		{5259CF94-F827-4085-806E-553C6C8ED4AC}.Debug|Any CPU.Build.0 = Debug|Any CPU
		{5259CF94-F827-4085-806E-553C6C8ED4AC}.Release|Any CPU.ActiveCfg = Release|Any CPU
		{5259CF94-F827-4085-806E-553C6C8ED4AC}.Release|Any CPU.Build.0 = Release|Any CPU
		{828D8547-4119-4DE8-A455-3B647B3CA362}.Debug|Any CPU.ActiveCfg = Debug|Any CPU
		{828D8547-4119-4DE8-A455-3B647B3CA362}.Debug|Any CPU.Build.0 = Debug|Any CPU
		{828D8547-4119-4DE8-A455-3B647B3CA362}.Release|Any CPU.ActiveCfg = Release|Any CPU
		{828D8547-4119-4DE8-A455-3B647B3CA362}.Release|Any CPU.Build.0 = Release|Any CPU
		{9F8456A8-DCCA-4414-BB61-DA74285BBC37}.Debug|Any CPU.ActiveCfg = Debug|Any CPU
		{9F8456A8-DCCA-4414-BB61-DA74285BBC37}.Debug|Any CPU.Build.0 = Debug|Any CPU
		{9F8456A8-DCCA-4414-BB61-DA74285BBC37}.Release|Any CPU.ActiveCfg = Release|Any CPU
		{9F8456A8-DCCA-4414-BB61-DA74285BBC37}.Release|Any CPU.Build.0 = Release|Any CPU
		{5269CAA0-C472-40D6-9843-FD11A04681B1}.Debug|Any CPU.ActiveCfg = Debug|Any CPU
		{5269CAA0-C472-40D6-9843-FD11A04681B1}.Debug|Any CPU.Build.0 = Debug|Any CPU
		{5269CAA0-C472-40D6-9843-FD11A04681B1}.Release|Any CPU.ActiveCfg = Release|Any CPU
		{5269CAA0-C472-40D6-9843-FD11A04681B1}.Release|Any CPU.Build.0 = Release|Any CPU
		{B75C8977-741F-4303-A372-03FECA856323}.Debug|Any CPU.ActiveCfg = Debug|Any CPU
		{B75C8977-741F-4303-A372-03FECA856323}.Debug|Any CPU.Build.0 = Debug|Any CPU
		{B75C8977-741F-4303-A372-03FECA856323}.Release|Any CPU.ActiveCfg = Release|Any CPU
		{B75C8977-741F-4303-A372-03FECA856323}.Release|Any CPU.Build.0 = Release|Any CPU
	EndGlobalSection
	GlobalSection(SolutionProperties) = preSolution
		HideSolutionNode = FALSE
	EndGlobalSection
	GlobalSection(NestedProjects) = preSolution
		{040CC93A-1133-49A7-A46A-75FD487AE474} = {9B76D2C1-9CCF-4051-8916-1B24CED6A826}
		{B90A79EB-2F98-4333-A71B-9E8FED70086B} = {9B76D2C1-9CCF-4051-8916-1B24CED6A826}
		{0AE7D8E9-7C0C-45AE-9700-42D7232F2A15} = {9B76D2C1-9CCF-4051-8916-1B24CED6A826}
		{92EDA073-FA86-4AE9-86C8-E3C4FB09C84A} = {62007FC9-3851-4AC8-9F25-0FA3A27F2B6B}
		{5259CF94-F827-4085-806E-553C6C8ED4AC} = {62007FC9-3851-4AC8-9F25-0FA3A27F2B6B}
		{828D8547-4119-4DE8-A455-3B647B3CA362} = {62007FC9-3851-4AC8-9F25-0FA3A27F2B6B}
		{9F8456A8-DCCA-4414-BB61-DA74285BBC37} = {EA668A91-FE8C-4116-BF2D-A3ADE77180B8}
		{5269CAA0-C472-40D6-9843-FD11A04681B1} = {EA668A91-FE8C-4116-BF2D-A3ADE77180B8}
		{B75C8977-741F-4303-A372-03FECA856323} = {EA668A91-FE8C-4116-BF2D-A3ADE77180B8}
	EndGlobalSection
	GlobalSection(ExtensibilityGlobals) = postSolution
		SolutionGuid = {48706B24-DD9E-4CF2-8072-2F1703346313}
	EndGlobalSection
EndGlobal
